
Microsoft Visual Studio Solution File, Format Version 12.00
# Visual Studio Version 17
VisualStudioVersion = 17.0.31919.166
MinimumVisualStudioVersion = 10.0.40219.1
Project("{2150E333-8FDC-42A3-9474-1A3956D46DE8}") = "src", "src", "{827E0CD3-B72D-47B6-A68D-7590B98EB39B}"
EndProject
Project("{FAE04EC0-301F-11D3-BF4B-00C04F79EFBC}") = "ForexAI.Domain", "src\ForexAI.Domain\ForexAI.Domain.csproj", "{EBA797A1-40D4-4388-A492-13D8F74488BA}"
EndProject
Project("{FAE04EC0-301F-11D3-BF4B-00C04F79EFBC}") = "ForexAI.Application", "src\ForexAI.Application\ForexAI.Application.csproj", "{10973D07-D8C0-45FD-A19D-7E5114FE1BFD}"
EndProject
Project("{FAE04EC0-301F-11D3-BF4B-00C04F79EFBC}") = "ForexAI.Infrastructure", "src\ForexAI.Infrastructure\ForexAI.Infrastructure.csproj", "{FF81777E-5E1B-457A-A4ED-638A00A755BF}"
EndProject
Project("{FAE04EC0-301F-11D3-BF4B-00C04F79EFBC}") = "ForexAI.API", "src\ForexAI.API\ForexAI.API.csproj", "{E6F8234B-C82D-4D30-8B66-6C61989CC80C}"
EndProject
Project("{2150E333-8FDC-42A3-9474-1A3956D46DE8}") = "tests", "tests", "{0AB3BF05-4346-4AA6-1389-037BE0695223}"
EndProject
Project("{FAE04EC0-301F-11D3-BF4B-00C04F79EFBC}") = "ForexAI.Integration", "tests\ForexAI.Integration\ForexAI.Integration.csproj", "{A49FAE58-C3B1-42EC-A0A2-64E69B8CBB2F}"
EndProject
Global
	GlobalSection(SolutionConfigurationPlatforms) = preSolution
		Debug|Any CPU = Debug|Any CPU
		Debug|x64 = Debug|x64
		Debug|x86 = Debug|x86
		Release|Any CPU = Release|Any CPU
		Release|x64 = Release|x64
		Release|x86 = Release|x86
	EndGlobalSection
	GlobalSection(ProjectConfigurationPlatforms) = postSolution
		{EBA797A1-40D4-4388-A492-13D8F74488BA}.Debug|Any CPU.ActiveCfg = Debug|Any CPU
		{EBA797A1-40D4-4388-A492-13D8F74488BA}.Debug|Any CPU.Build.0 = Debug|Any CPU
		{EBA797A1-40D4-4388-A492-13D8F74488BA}.Debug|x64.ActiveCfg = Debug|Any CPU
		{EBA797A1-40D4-4388-A492-13D8F74488BA}.Debug|x64.Build.0 = Debug|Any CPU
		{EBA797A1-40D4-4388-A492-13D8F74488BA}.Debug|x86.ActiveCfg = Debug|Any CPU
		{EBA797A1-40D4-4388-A492-13D8F74488BA}.Debug|x86.Build.0 = Debug|Any CPU
		{EBA797A1-40D4-4388-A492-13D8F74488BA}.Release|Any CPU.ActiveCfg = Release|Any CPU
		{EBA797A1-40D4-4388-A492-13D8F74488BA}.Release|Any CPU.Build.0 = Release|Any CPU
		{EBA797A1-40D4-4388-A492-13D8F74488BA}.Release|x64.ActiveCfg = Release|Any CPU
		{EBA797A1-40D4-4388-A492-13D8F74488BA}.Release|x64.Build.0 = Release|Any CPU
		{EBA797A1-40D4-4388-A492-13D8F74488BA}.Release|x86.ActiveCfg = Release|Any CPU
		{EBA797A1-40D4-4388-A492-13D8F74488BA}.Release|x86.Build.0 = Release|Any CPU
		{10973D07-D8C0-45FD-A19D-7E5114FE1BFD}.Debug|Any CPU.ActiveCfg = Debug|Any CPU
		{10973D07-D8C0-45FD-A19D-7E5114FE1BFD}.Debug|Any CPU.Build.0 = Debug|Any CPU
		{10973D07-D8C0-45FD-A19D-7E5114FE1BFD}.Debug|x64.ActiveCfg = Debug|Any CPU
		{10973D07-D8C0-45FD-A19D-7E5114FE1BFD}.Debug|x64.Build.0 = Debug|Any CPU
		{10973D07-D8C0-45FD-A19D-7E5114FE1BFD}.Debug|x86.ActiveCfg = Debug|Any CPU
		{10973D07-D8C0-45FD-A19D-7E5114FE1BFD}.Debug|x86.Build.0 = Debug|Any CPU
		{10973D07-D8C0-45FD-A19D-7E5114FE1BFD}.Release|Any CPU.ActiveCfg = Release|Any CPU
		{10973D07-D8C0-45FD-A19D-7E5114FE1BFD}.Release|Any CPU.Build.0 = Release|Any CPU
		{10973D07-D8C0-45FD-A19D-7E5114FE1BFD}.Release|x64.ActiveCfg = Release|Any CPU
		{10973D07-D8C0-45FD-A19D-7E5114FE1BFD}.Release|x64.Build.0 = Release|Any CPU
		{10973D07-D8C0-45FD-A19D-7E5114FE1BFD}.Release|x86.ActiveCfg = Release|Any CPU
		{10973D07-D8C0-45FD-A19D-7E5114FE1BFD}.Release|x86.Build.0 = Release|Any CPU
		{FF81777E-5E1B-457A-A4ED-638A00A755BF}.Debug|Any CPU.ActiveCfg = Debug|Any CPU
		{FF81777E-5E1B-457A-A4ED-638A00A755BF}.Debug|Any CPU.Build.0 = Debug|Any CPU
		{FF81777E-5E1B-457A-A4ED-638A00A755BF}.Debug|x64.ActiveCfg = Debug|Any CPU
		{FF81777E-5E1B-457A-A4ED-638A00A755BF}.Debug|x64.Build.0 = Debug|Any CPU
		{FF81777E-5E1B-457A-A4ED-638A00A755BF}.Debug|x86.ActiveCfg = Debug|Any CPU
		{FF81777E-5E1B-457A-A4ED-638A00A755BF}.Debug|x86.Build.0 = Debug|Any CPU
		{FF81777E-5E1B-457A-A4ED-638A00A755BF}.Release|Any CPU.ActiveCfg = Release|Any CPU
		{FF81777E-5E1B-457A-A4ED-638A00A755BF}.Release|Any CPU.Build.0 = Release|Any CPU
		{FF81777E-5E1B-457A-A4ED-638A00A755BF}.Release|x64.ActiveCfg = Release|Any CPU
		{FF81777E-5E1B-457A-A4ED-638A00A755BF}.Release|x64.Build.0 = Release|Any CPU
		{FF81777E-5E1B-457A-A4ED-638A00A755BF}.Release|x86.ActiveCfg = Release|Any CPU
		{FF81777E-5E1B-457A-A4ED-638A00A755BF}.Release|x86.Build.0 = Release|Any CPU
		{E6F8234B-C82D-4D30-8B66-6C61989CC80C}.Debug|Any CPU.ActiveCfg = Debug|Any CPU
		{E6F8234B-C82D-4D30-8B66-6C61989CC80C}.Debug|Any CPU.Build.0 = Debug|Any CPU
		{E6F8234B-C82D-4D30-8B66-6C61989CC80C}.Debug|x64.ActiveCfg = Debug|Any CPU
		{E6F8234B-C82D-4D30-8B66-6C61989CC80C}.Debug|x64.Build.0 = Debug|Any CPU
		{E6F8234B-C82D-4D30-8B66-6C61989CC80C}.Debug|x86.ActiveCfg = Debug|Any CPU
		{E6F8234B-C82D-4D30-8B66-6C61989CC80C}.Debug|x86.Build.0 = Debug|Any CPU
		{E6F8234B-C82D-4D30-8B66-6C61989CC80C}.Release|Any CPU.ActiveCfg = Release|Any CPU
		{E6F8234B-C82D-4D30-8B66-6C61989CC80C}.Release|Any CPU.Build.0 = Release|Any CPU
		{E6F8234B-C82D-4D30-8B66-6C61989CC80C}.Release|x64.ActiveCfg = Release|Any CPU
		{E6F8234B-C82D-4D30-8B66-6C61989CC80C}.Release|x64.Build.0 = Release|Any CPU
		{E6F8234B-C82D-4D30-8B66-6C61989CC80C}.Release|x86.ActiveCfg = Release|Any CPU
		{E6F8234B-C82D-4D30-8B66-6C61989CC80C}.Release|x86.Build.0 = Release|Any CPU
		{A49FAE58-C3B1-42EC-A0A2-64E69B8CBB2F}.Debug|Any CPU.ActiveCfg = Debug|Any CPU
		{A49FAE58-C3B1-42EC-A0A2-64E69B8CBB2F}.Debug|Any CPU.Build.0 = Debug|Any CPU
		{A49FAE58-C3B1-42EC-A0A2-64E69B8CBB2F}.Debug|x64.ActiveCfg = Debug|Any CPU
		{A49FAE58-C3B1-42EC-A0A2-64E69B8CBB2F}.Debug|x64.Build.0 = Debug|Any CPU
		{A49FAE58-C3B1-42EC-A0A2-64E69B8CBB2F}.Debug|x86.ActiveCfg = Debug|Any CPU
		{A49FAE58-C3B1-42EC-A0A2-64E69B8CBB2F}.Debug|x86.Build.0 = Debug|Any CPU
		{A49FAE58-C3B1-42EC-A0A2-64E69B8CBB2F}.Release|Any CPU.ActiveCfg = Release|Any CPU
		{A49FAE58-C3B1-42EC-A0A2-64E69B8CBB2F}.Release|Any CPU.Build.0 = Release|Any CPU
		{A49FAE58-C3B1-42EC-A0A2-64E69B8CBB2F}.Release|x64.ActiveCfg = Release|Any CPU
		{A49FAE58-C3B1-42EC-A0A2-64E69B8CBB2F}.Release|x64.Build.0 = Release|Any CPU
		{A49FAE58-C3B1-42EC-A0A2-64E69B8CBB2F}.Release|x86.ActiveCfg = Release|Any CPU
		{A49FAE58-C3B1-42EC-A0A2-64E69B8CBB2F}.Release|x86.Build.0 = Release|Any CPU
	EndGlobalSection
	GlobalSection(SolutionProperties) = preSolution
		HideSolutionNode = FALSE
	EndGlobalSection
	GlobalSection(NestedProjects) = preSolution
		{EBA797A1-40D4-4388-A492-13D8F74488BA} = {827E0CD3-B72D-47B6-A68D-7590B98EB39B}
		{10973D07-D8C0-45FD-A19D-7E5114FE1BFD} = {827E0CD3-B72D-47B6-A68D-7590B98EB39B}
		{FF81777E-5E1B-457A-A4ED-638A00A755BF} = {827E0CD3-B72D-47B6-A68D-7590B98EB39B}
		{E6F8234B-C82D-4D30-8B66-6C61989CC80C} = {827E0CD3-B72D-47B6-A68D-7590B98EB39B}
		{A49FAE58-C3B1-42EC-A0A2-64E69B8CBB2F} = {0AB3BF05-4346-4AA6-1389-037BE0695223}
	EndGlobalSection
EndGlobal
